
Microsoft Visual Studio Solution File, Format Version 12.00
# Visual Studio Version 17
VisualStudioVersion = 17.14.36717.8 d17.14
MinimumVisualStudioVersion = 10.0.40219.1
Project("{FAE04EC0-301F-11D3-BF4B-00C04F79EFBC}") = "Part 3 - Duplicate Versus Unique Data", "Part 3 - Duplicate Versus Unique Data.csproj", "{09CB6670-D868-4479-85DA-513903DC8F01}"
EndProject
Global
	GlobalSection(SolutionConfigurationPlatforms) = preSolution
		Debug|Any CPU = Debug|Any CPU
		Release|Any CPU = Release|Any CPU
	EndGlobalSection
	GlobalSection(ProjectConfigurationPlatforms) = postSolution
		{09CB6670-D868-4479-85DA-513903DC8F01}.Debug|Any CPU.ActiveCfg = Debug|Any CPU
		{09CB6670-D868-4479-85DA-513903DC8F01}.Debug|Any CPU.Build.0 = Debug|Any CPU
		{09CB6670-D868-4479-85DA-513903DC8F01}.Release|Any CPU.ActiveCfg = Release|Any CPU
		{09CB6670-D868-4479-85DA-513903DC8F01}.Release|Any CPU.Build.0 = Release|Any CPU
	EndGlobalSection
	GlobalSection(SolutionProperties) = preSolution
		HideSolutionNode = FALSE
	EndGlobalSection
	GlobalSection(ExtensibilityGlobals) = postSolution
		SolutionGuid = {F7EECE56-684D-4FE4-895C-B1684BFC22E9}
	EndGlobalSection
EndGlobal
